07f289712367f8897432b8cc04f28383bed87433a019e5e28034bec0d8a22841  geo-migrations/001_csc_city_catalog.sql
67fc99848f4d70a370b467fda6418f932b84f45a9438c414ac4537944a16b2f6  migrations/001_init.sql
748c38ebeff61aeedbe95c9c14f457983cc33fea968d14b636ba87cad1457dfe  migrations/002_billing.sql
9b89717be6b6caa3675d15e71d6618181c26a32137999e91a1077349cc601106  migrations/003_admin.sql
273fcbd3b9f8bdf1e5bd2ef9281ebb8116c6b8d7ca10fc92effd3ee2178494f3  migrations/004_email.sql
271921ec27cc647329b15f95073792c64179b1be12631113332cafb9206d102a  migrations/005_inbound_email.sql
859cc7a06f03c54fe90228faf9caba2425a883c4cfa48540065db413443657b6  migrations/006_hardening.sql
686b83241c325dd890a239d84905e5ccfe7b2579abe3386e403f0f234cc031a9  migrations/007_fix_phone_slugs.sql
4c36c789f4a25f233879512627145927ead23dfeaae744ac8817fdd8d45db3c2  migrations/008_store_codes.sql
8db450b18bd7f40a7e93f92327fbaca68181d5ac0d4d558d2a40182db72d7c23  migrations/009_uuid_public_urls.sql
90a57c43b51b747a897f323e2af3e1ee571d67418f6e15e7631cd97a30872352  migrations/010_project_admin.sql
2c795efac96fd24eedd83304cd8f3de54cc672d57fd3fe544042180b1c1861b0  migrations/011_app_screens.sql
b353084b96af5cd8ab29999521d0822926614b596132cfec26c43a4c73779bb7  migrations/012_legal_versions.sql
06efc61fad45c7f975754a85426d51691ea0ad75eeb2773af806960e992f347e  migrations/013_app_screen_statuses.sql
85bac76151de356322f6a2b32015e48a532c8ad670efbfdf21f64c93539572aa  migrations/014_app_screen_sync.sql
274f6cba8986809b0534d1a75acf55cbcf10207872fa5be47f097c11f05b3474  migrations/015_order_no_unique.sql
3fc4822dd8120821ce703ce5e6ebe2fc1a4c66f53c5f43f876ead63ff8e569ba  migrations/015_seed_app_screens.sql
cc3bebff1e4099e2f1fdeb34f81da80598a62822a386182dd4ecfc43e543d794  migrations/016_app_screen_tree.sql
ca902ee6b04d6e7b2f61f0a049fe5fa57e73573fad204e87891733efc6741286  migrations/017_product_translations.sql
7537316d547cf5857d19a5fd8b0c1801ccd014d65f9d8580cdf714717be6b660  migrations/018_seller_devices.sql
f9d28642a67109975923dd82bbd9a93f2a1703d7f1b903ab20f3acd95473ad11  migrations/019_multi_device_plan_feature.sql
9d7e7eea6dfe143371b8c0461d65b4d824693d15e6eea0a97c52cb266f56323e  migrations/020_product_translation_lifecycle.sql
d6176175bc4525a935dedaf89bf90272f1324e253f4c548a73ecc78ba1bec3df  migrations/021_legal_acceptances.sql
415ff60adbdd73760f3c728cf8c00db1d677b3e04891a61d8a58c6e626544579  migrations/022_deletion_requests.sql
c01d86e19ded1756e9e3b0df4fc249584b79877aee84c49d398476e5c23eec04  migrations/023_publish_legal_v2.sql
19a98fbabdd7fad15982fef5b527e554afe9b9715846bf8c61c9e748342d88f5  migrations/024_versioned_entitlements.sql
0349d06fcbddc24fb8070d57f6bba87e1decf3bf471c68981744678c0339b0f6  migrations/025_entitlement_catalog_seed.sql
590fe7da82c4ddd8c2c9f723c2f673c450246a1583b59f27c38c244f47fad739  migrations/026_order_integrity.sql
f8cf798ebaa2f3e5271b61ecdf42ec6079af6e0c84b02629a496e6e13568ad1c  migrations/027_operations_coverage.sql
a52ad8408f8f81a46bab3eec131b2faf3ad127e47ac99ad2d9a18467896c06e6  migrations/028_admin_control_plane.sql
094865722b01ae47b2b08ff6adcdda6741fd0487b803cde0b430e56709f12ee5  migrations/029_admin_recovery_acknowledgement.sql
311ab09a34c033e44670f4be920d08431844e5d48466c2d69c33d0f1d51e76a3  migrations/030_play_billing_reliability.sql
47e95c2c8926cf698cc92383e06effeee85e841bd86a644f893326f3d0d113c1  migrations/031_play_verification_leases.sql
97cdb3516cf8f24350eb301d354b4451bf8b9e669154621aa01d9cd7c13a849d  migrations/032_stable_identity_and_routing.sql
07cfe1950b7a18ed4ad358106ed752f6be4391ba9ad78f3fde3ebbf5a69c2e11  migrations/033_auth_onboarding_v2.sql
de433b89f26d714bc15ed5481e04b2c54ebb1429cb4f53619f315cf3349508ca  migrations/034_publish_legal_v3.sql
b48a73c9d865d78f1272d06330b52e50464c2bb13d8d963f706608ef1b80ac5e  migrations/035_design_system_revisions.sql
eddfa48aa902a84c5878358dd540c56406ef3a5525cca029bc5ea432d9e2cb5f  migrations/036_design_system_revision_management.sql
237a2d10ff7561aeda53a8c66e9fca02ffcafc23021dd39b59e8e5fc2ccd07ee  migrations/037_places_and_business_taxonomy.sql
0c058c70d947e4c5297b79996a89760b051911d18b0bcc70fefd256ae1dcc3a0  migrations/038_publish_static_city_legal_v4.sql
37f0001b8d90a4a26863b8c833d3d73ee667f5230792383aefce1b9e29a62939  migrations/039_add_private_birth_year.sql
d924e73661efc4a78e7a73593d59c60cc3db37df967787c5196d364ecbc6f1cf  migrations/039b_repair_email_schema_drift.sql
929cd1e78dda03a8d8fd75de0e822f8e22beda9b2aa3b604d3243c078ab674f3  migrations/040_cloudflare_scalability_hardening.sql
ffe62d7c0933824ef7714599c59071f6ffb1bb4da0411fe8bee8287a4763c2c7  migrations/041_restore_referential_integrity.sql
7d05ca497be3124fdc5f1a055ec17474ce7d2fd9d43604654c9c2c529c8073e3  migrations/042_email_outbox.sql
209bd9d4ebda0f272ab7e7b121ab13ce8325f95227eb8bf59c1d8b4abbd19efe  migrations/043_audit_signing_key_version.sql
0d7e5f64405d0d35071e647b0f143010e5349d4acd86ed8aee9d1697b03eb86d  migrations/044_money_minor_units_with_currency.sql
d007b2ee72d3c6bdaa949a17ed93f323c709de76af6d31fce3dca47f97e40a06  migrations/045_unique_referral_code.sql
71d32eecaf2035cbfeb6dd5998645ea3d093d2490423e91aba230eb326fd886e  migrations/046_order_status_transitions.sql
8116066a0316fb00440cfac8bf23611facfdae998c54256064cf9bc7b28e2675  migrations/047_correct_entitlement_implementation_status.sql
b1404b4ec1be48df01e366139bd31a649033242b783283ddcffc9bb3ca04cd46  migrations/048_app_screen_surface_and_transitions.sql
5b8777691e7ced3b8a1b94d07cab6d188a62f60e039bc3cddc18bb8a605a2e41  migrations/049_delete_settings_route.sql
7adc35e2d80b02f52639e0965bcf5c037cf8ffb5545bcdb9e71d207519498687  migrations/050_catalog_baseline_version.sql
d365831139ba422fd4fc47748ce3a58fda8cebf45f58f3bb88e0a4b54f87944f  migrations/051_manual_order_origin.sql
f4c146fb89e537eeaafddd88ed4a34f35ff8b1e8a11bf73d72d16eaf032f755a  migrations/052_stock_movements.sql
337f721956e5417567470819f1e41474e052415eb22506d7e03dd957c2264ef5  migrations/053_customers.sql
f299d0133db12d8bf5faed7f5841ee1471aa6662fe3a37ba0114c331e25f1605  migrations/054_play_mappings_per_package.sql
d3942b7769dd9c06114a3454982604bdc18c47a65cded7e7639d15196f3664d5  migrations/055_media_objects.sql
afa63c945f4fc081f556fb4f9a27713c0427572646fbc0d1defc7e39dd99be7f  migrations/056_subscription_idempotency.sql
